
Microsoft Visual Studio Solution File, Format Version 12.00
# Visual Studio 15
VisualStudioVersion = 15.0.27703.2047
MinimumVisualStudioVersion = 10.0.40219.1
Project("{FAE04EC0-301F-11D3-BF4B-00C04F79EFBC}") = "ParserComments.BL", "ParserComments.BL\ParserComments.BL.csproj", "{DCFE54CE-99D2-4820-81C8-CBA22D4EB48D}"
EndProject
Project("{FAE04EC0-301F-11D3-BF4B-00C04F79EFBC}") = "ParserComments.DAL", "ParserComments.DAL\ParserComments.DAL.csproj", "{AF7C6CDA-0000-4D67-83B5-9B6F1B13CB45}"
EndProject
Project("{FAE04EC0-301F-11D3-BF4B-00C04F79EFBC}") = "ParserComments.DAL.Test", "ParserComments.DAL.Test\ParserComments.DAL.Test.csproj", "{F7275E96-97D3-4CB9-8221-C8B60EF591DA}"
EndProject
Project("{FAE04EC0-301F-11D3-BF4B-00C04F79EFBC}") = "ParserComments.BL.Test", "ParserComments.BL.Test\ParserComments.BL.Test.csproj", "{3EA56A6E-71EB-43EB-85E2-875874063C1C}"
EndProject
Project("{FAE04EC0-301F-11D3-BF4B-00C04F79EFBC}") = "ParserComments.PL", "ParserComments.PL\ParserComments.PL.csproj", "{02A7E726-4147-4540-8F7B-3742EB4D0728}"
EndProject
Global
	GlobalSection(SolutionConfigurationPlatforms) = preSolution
		Debug|Any CPU = Debug|Any CPU
		Release|Any CPU = Release|Any CPU
	EndGlobalSection
	GlobalSection(ProjectConfigurationPlatforms) = postSolution
		{DCFE54CE-99D2-4820-81C8-CBA22D4EB48D}.Debug|Any CPU.ActiveCfg = Debug|Any CPU
		{DCFE54CE-99D2-4820-81C8-CBA22D4EB48D}.Debug|Any CPU.Build.0 = Debug|Any CPU
		{DCFE54CE-99D2-4820-81C8-CBA22D4EB48D}.Release|Any CPU.ActiveCfg = Release|Any CPU
		{DCFE54CE-99D2-4820-81C8-CBA22D4EB48D}.Release|Any CPU.Build.0 = Release|Any CPU
		{AF7C6CDA-0000-4D67-83B5-9B6F1B13CB45}.Debug|Any CPU.ActiveCfg = Debug|Any CPU
		{AF7C6CDA-0000-4D67-83B5-9B6F1B13CB45}.Debug|Any CPU.Build.0 = Debug|Any CPU
		{AF7C6CDA-0000-4D67-83B5-9B6F1B13CB45}.Release|Any CPU.ActiveCfg = Release|Any CPU
		{AF7C6CDA-0000-4D67-83B5-9B6F1B13CB45}.Release|Any CPU.Build.0 = Release|Any CPU
		{F7275E96-97D3-4CB9-8221-C8B60EF591DA}.Debug|Any CPU.ActiveCfg = Debug|Any CPU
		{F7275E96-97D3-4CB9-8221-C8B60EF591DA}.Debug|Any CPU.Build.0 = Debug|Any CPU
		{F7275E96-97D3-4CB9-8221-C8B60EF591DA}.Release|Any CPU.ActiveCfg = Release|Any CPU
		{F7275E96-97D3-4CB9-8221-C8B60EF591DA}.Release|Any CPU.Build.0 = Release|Any CPU
		{3EA56A6E-71EB-43EB-85E2-875874063C1C}.Debug|Any CPU.ActiveCfg = Debug|Any CPU
		{3EA56A6E-71EB-43EB-85E2-875874063C1C}.Debug|Any CPU.Build.0 = Debug|Any CPU
		{3EA56A6E-71EB-43EB-85E2-875874063C1C}.Release|Any CPU.ActiveCfg = Release|Any CPU
		{3EA56A6E-71EB-43EB-85E2-875874063C1C}.Release|Any CPU.Build.0 = Release|Any CPU
		{02A7E726-4147-4540-8F7B-3742EB4D0728}.Debug|Any CPU.ActiveCfg = Debug|Any CPU
		{02A7E726-4147-4540-8F7B-3742EB4D0728}.Debug|Any CPU.Build.0 = Debug|Any CPU
		{02A7E726-4147-4540-8F7B-3742EB4D0728}.Release|Any CPU.ActiveCfg = Release|Any CPU
		{02A7E726-4147-4540-8F7B-3742EB4D0728}.Release|Any CPU.Build.0 = Release|Any CPU
	EndGlobalSection
	GlobalSection(SolutionProperties) = preSolution
		HideSolutionNode = FALSE
	EndGlobalSection
	GlobalSection(ExtensibilityGlobals) = postSolution
		SolutionGuid = {AAECFF2C-226B-413F-9140-CE8F06F56616}
	EndGlobalSection
EndGlobal
